
Microsoft Visual Studio Solution File, Format Version 12.00
# Visual Studio Version 17
VisualStudioVersion = 17.1.32210.238
MinimumVisualStudioVersion = 10.0.40219.1
Project("{2150E333-8FDC-42A3-9474-1A3956D46DE8}") = "Services", "Services", "{141463BF-0ABD-49AD-AFC6-344D014C7C96}"
EndProject
Project("{2150E333-8FDC-42A3-9474-1A3956D46DE8}") = "Catalog", "Catalog", "{AEF7E569-0BBE-463F-82B4-E87679DACFCD}"
EndProject
Project("{9A19103F-16F7-4668-BE54-9A1E7A4F7556}") = "Catalog.API", "Catalog.API\Catalog.API.csproj", "{47420279-5624-4876-B727-9C6D9D6A583E}"
EndProject
Project("{E53339B2-1760-4266-BCC7-CA923CBCF16C}") = "docker-compose", "docker-compose.dcproj", "{BC0F0DAC-7115-4140-A0B4-E697C646D7CF}"
EndProject
Project("{2150E333-8FDC-42A3-9474-1A3956D46DE8}") = "Basket", "Basket", "{F5DD54A3-E1EE-4476-978B-D98476174A65}"
EndProject
Project("{9A19103F-16F7-4668-BE54-9A1E7A4F7556}") = "Basket.API", "Basket.API\Basket.API.csproj", "{A634F43C-29A0-4EB8-8735-89EB4454EF56}"
EndProject
Project("{2150E333-8FDC-42A3-9474-1A3956D46DE8}") = "Discount", "Discount", "{85BD9538-0E30-4DB6-8A4E-BDC021FD7C85}"
EndProject
Project("{9A19103F-16F7-4668-BE54-9A1E7A4F7556}") = "Discount.API", "Discount.API\Discount.API.csproj", "{D477310D-C9A2-4ECE-B1AC-5B2A9EE34BAC}"
EndProject
Project("{9A19103F-16F7-4668-BE54-9A1E7A4F7556}") = "Discount.Grpc", "Discount.Grpc\Discount.Grpc.csproj", "{87BD4280-1B70-438B-B80D-6A250EFDF434}"
EndProject
Project("{2150E333-8FDC-42A3-9474-1A3956D46DE8}") = "Ordering", "Ordering", "{0175BF91-1DAD-4FB0-A36F-07B4ABFF3EE6}"
EndProject
Project("{9A19103F-16F7-4668-BE54-9A1E7A4F7556}") = "Ordering.API", "Ordering.API\Ordering.API.csproj", "{06F38DE7-CB38-491A-840A-E9B0790785E5}"
EndProject
Project("{9A19103F-16F7-4668-BE54-9A1E7A4F7556}") = "Ordering.Domain", "Ordering.Domain\Ordering.Domain.csproj", "{2EC081F1-D7B9-4BCC-8FFD-8DDD7FD0F8A1}"
EndProject
Project("{9A19103F-16F7-4668-BE54-9A1E7A4F7556}") = "Ordering.Application", "Ordering.Application\Ordering.Application.csproj", "{778AB668-2B85-4EDA-BB97-15550D9CAB3D}"
EndProject
Project("{9A19103F-16F7-4668-BE54-9A1E7A4F7556}") = "Ordering.Infrastructure", "Ordering.Infrastructure\Ordering.Infrastructure.csproj", "{EB722622-3A01-4D43-BD77-B8039E464167}"
EndProject
Project("{2150E333-8FDC-42A3-9474-1A3956D46DE8}") = "BuildingBlocks", "BuildingBlocks", "{9F4A70A1-019B-48BF-AD0A-06430D73C73C}"
EndProject
Project("{9A19103F-16F7-4668-BE54-9A1E7A4F7556}") = "EventBus.Messages", "BuildingBlocks\EventBus.Messages\EventBus.Messages.csproj", "{97CB3A8C-4264-4C2B-A000-E6497933FC6A}"
EndProject
Project("{2150E333-8FDC-42A3-9474-1A3956D46DE8}") = "ApiGateways", "ApiGateways", "{4D46BE03-7774-46CF-A9A9-50674B7A0EDC}"
EndProject
Project("{FAE04EC0-301F-11D3-BF4B-00C04F79EFBC}") = "OcelotApiGw", "ApiGateways\OcelotApiGw\OcelotApiGw.csproj", "{7FA538BD-E23D-43A8-91AE-688D57E4A7C3}"
EndProject
Global
	GlobalSection(SolutionConfigurationPlatforms) = preSolution
		Debug|Any CPU = Debug|Any CPU
		Release|Any CPU = Release|Any CPU
	EndGlobalSection
	GlobalSection(ProjectConfigurationPlatforms) = postSolution
		{47420279-5624-4876-B727-9C6D9D6A583E}.Debug|Any CPU.ActiveCfg = Debug|Any CPU
		{47420279-5624-4876-B727-9C6D9D6A583E}.Debug|Any CPU.Build.0 = Debug|Any CPU
		{47420279-5624-4876-B727-9C6D9D6A583E}.Release|Any CPU.ActiveCfg = Release|Any CPU
		{47420279-5624-4876-B727-9C6D9D6A583E}.Release|Any CPU.Build.0 = Release|Any CPU
		{BC0F0DAC-7115-4140-A0B4-E697C646D7CF}.Debug|Any CPU.ActiveCfg = Debug|Any CPU
		{BC0F0DAC-7115-4140-A0B4-E697C646D7CF}.Debug|Any CPU.Build.0 = Debug|Any CPU
		{BC0F0DAC-7115-4140-A0B4-E697C646D7CF}.Release|Any CPU.ActiveCfg = Release|Any CPU
		{BC0F0DAC-7115-4140-A0B4-E697C646D7CF}.Release|Any CPU.Build.0 = Release|Any CPU
		{A634F43C-29A0-4EB8-8735-89EB4454EF56}.Debug|Any CPU.ActiveCfg = Debug|Any CPU
		{A634F43C-29A0-4EB8-8735-89EB4454EF56}.Debug|Any CPU.Build.0 = Debug|Any CPU
		{A634F43C-29A0-4EB8-8735-89EB4454EF56}.Release|Any CPU.ActiveCfg = Release|Any CPU
		{A634F43C-29A0-4EB8-8735-89EB4454EF56}.Release|Any CPU.Build.0 = Release|Any CPU
		{D477310D-C9A2-4ECE-B1AC-5B2A9EE34BAC}.Debug|Any CPU.ActiveCfg = Debug|Any CPU
		{D477310D-C9A2-4ECE-B1AC-5B2A9EE34BAC}.Debug|Any CPU.Build.0 = Debug|Any CPU
		{D477310D-C9A2-4ECE-B1AC-5B2A9EE34BAC}.Release|Any CPU.ActiveCfg = Release|Any CPU
		{D477310D-C9A2-4ECE-B1AC-5B2A9EE34BAC}.Release|Any CPU.Build.0 = Release|Any CPU
		{87BD4280-1B70-438B-B80D-6A250EFDF434}.Debug|Any CPU.ActiveCfg = Debug|Any CPU
		{87BD4280-1B70-438B-B80D-6A250EFDF434}.Debug|Any CPU.Build.0 = Debug|Any CPU
		{87BD4280-1B70-438B-B80D-6A250EFDF434}.Release|Any CPU.ActiveCfg = Release|Any CPU
		{87BD4280-1B70-438B-B80D-6A250EFDF434}.Release|Any CPU.Build.0 = Release|Any CPU
		{06F38DE7-CB38-491A-840A-E9B0790785E5}.Debug|Any CPU.ActiveCfg = Debug|Any CPU
		{06F38DE7-CB38-491A-840A-E9B0790785E5}.Debug|Any CPU.Build.0 = Debug|Any CPU
		{06F38DE7-CB38-491A-840A-E9B0790785E5}.Release|Any CPU.ActiveCfg = Release|Any CPU
		{06F38DE7-CB38-491A-840A-E9B0790785E5}.Release|Any CPU.Build.0 = Release|Any CPU
		{2EC081F1-D7B9-4BCC-8FFD-8DDD7FD0F8A1}.Debug|Any CPU.ActiveCfg = Debug|Any CPU
		{2EC081F1-D7B9-4BCC-8FFD-8DDD7FD0F8A1}.Debug|Any CPU.Build.0 = Debug|Any CPU
		{2EC081F1-D7B9-4BCC-8FFD-8DDD7FD0F8A1}.Release|Any CPU.ActiveCfg = Release|Any CPU
		{2EC081F1-D7B9-4BCC-8FFD-8DDD7FD0F8A1}.Release|Any CPU.Build.0 = Release|Any CPU
		{778AB668-2B85-4EDA-BB97-15550D9CAB3D}.Debug|Any CPU.ActiveCfg = Debug|Any CPU
		{778AB668-2B85-4EDA-BB97-15550D9CAB3D}.Debug|Any CPU.Build.0 = Debug|Any CPU
		{778AB668-2B85-4EDA-BB97-15550D9CAB3D}.Release|Any CPU.ActiveCfg = Release|Any CPU
		{778AB668-2B85-4EDA-BB97-15550D9CAB3D}.Release|Any CPU.Build.0 = Release|Any CPU
		{EB722622-3A01-4D43-BD77-B8039E464167}.Debug|Any CPU.ActiveCfg = Debug|Any CPU
		{EB722622-3A01-4D43-BD77-B8039E464167}.Debug|Any CPU.Build.0 = Debug|Any CPU
		{EB722622-3A01-4D43-BD77-B8039E464167}.Release|Any CPU.ActiveCfg = Release|Any CPU
		{EB722622-3A01-4D43-BD77-B8039E464167}.Release|Any CPU.Build.0 = Release|Any CPU
		{97CB3A8C-4264-4C2B-A000-E6497933FC6A}.Debug|Any CPU.ActiveCfg = Debug|Any CPU
		{97CB3A8C-4264-4C2B-A000-E6497933FC6A}.Debug|Any CPU.Build.0 = Debug|Any CPU
		{97CB3A8C-4264-4C2B-A000-E6497933FC6A}.Release|Any CPU.ActiveCfg = Release|Any CPU
		{97CB3A8C-4264-4C2B-A000-E6497933FC6A}.Release|Any CPU.Build.0 = Release|Any CPU
		{7FA538BD-E23D-43A8-91AE-688D57E4A7C3}.Debug|Any CPU.ActiveCfg = Debug|Any CPU
		{7FA538BD-E23D-43A8-91AE-688D57E4A7C3}.Debug|Any CPU.Build.0 = Debug|Any CPU
		{7FA538BD-E23D-43A8-91AE-688D57E4A7C3}.Release|Any CPU.ActiveCfg = Release|Any CPU
		{7FA538BD-E23D-43A8-91AE-688D57E4A7C3}.Release|Any CPU.Build.0 = Release|Any CPU
	EndGlobalSection
	GlobalSection(SolutionProperties) = preSolution
		HideSolutionNode = FALSE
	EndGlobalSection
	GlobalSection(NestedProjects) = preSolution
		{AEF7E569-0BBE-463F-82B4-E87679DACFCD} = {141463BF-0ABD-49AD-AFC6-344D014C7C96}
		{47420279-5624-4876-B727-9C6D9D6A583E} = {AEF7E569-0BBE-463F-82B4-E87679DACFCD}
		{F5DD54A3-E1EE-4476-978B-D98476174A65} = {141463BF-0ABD-49AD-AFC6-344D014C7C96}
		{A634F43C-29A0-4EB8-8735-89EB4454EF56} = {F5DD54A3-E1EE-4476-978B-D98476174A65}
		{85BD9538-0E30-4DB6-8A4E-BDC021FD7C85} = {141463BF-0ABD-49AD-AFC6-344D014C7C96}
		{D477310D-C9A2-4ECE-B1AC-5B2A9EE34BAC} = {85BD9538-0E30-4DB6-8A4E-BDC021FD7C85}
		{87BD4280-1B70-438B-B80D-6A250EFDF434} = {85BD9538-0E30-4DB6-8A4E-BDC021FD7C85}
		{0175BF91-1DAD-4FB0-A36F-07B4ABFF3EE6} = {141463BF-0ABD-49AD-AFC6-344D014C7C96}
		{06F38DE7-CB38-491A-840A-E9B0790785E5} = {0175BF91-1DAD-4FB0-A36F-07B4ABFF3EE6}
		{2EC081F1-D7B9-4BCC-8FFD-8DDD7FD0F8A1} = {0175BF91-1DAD-4FB0-A36F-07B4ABFF3EE6}
		{778AB668-2B85-4EDA-BB97-15550D9CAB3D} = {0175BF91-1DAD-4FB0-A36F-07B4ABFF3EE6}
		{EB722622-3A01-4D43-BD77-B8039E464167} = {0175BF91-1DAD-4FB0-A36F-07B4ABFF3EE6}
		{97CB3A8C-4264-4C2B-A000-E6497933FC6A} = {9F4A70A1-019B-48BF-AD0A-06430D73C73C}
		{7FA538BD-E23D-43A8-91AE-688D57E4A7C3} = {4D46BE03-7774-46CF-A9A9-50674B7A0EDC}
	EndGlobalSection
	GlobalSection(ExtensibilityGlobals) = postSolution
		SolutionGuid = {40FD6237-A5D6-4646-9141-D20898F916A6}
	EndGlobalSection
EndGlobal
